
Microsoft Visual Studio Solution File, Format Version 12.00
# Visual Studio Version 17
VisualStudioVersion = 17.2.32602.215
MinimumVisualStudioVersion = 10.0.40219.1
Project("{9A19103F-16F7-4668-BE54-9A1E7A4F7556}") = "smip.sdk", "smip.sdk\smip.sdk.csproj", "{FB74258B-3B49-4B85-BE20-111DF4E5DE73}"
EndProject
Project("{FAE04EC0-301F-11D3-BF4B-00C04F79EFBC}") = "smip.sdk.test", "smip.sdk.test\smip.sdk.test.csproj", "{46D4A0F1-132A-411C-A2F0-691CB485A9F3}"
EndProject
Global
	GlobalSection(SolutionConfigurationPlatforms) = preSolution
		Debug|Any CPU = Debug|Any CPU
		Release|Any CPU = Release|Any CPU
	EndGlobalSection
	GlobalSection(ProjectConfigurationPlatforms) = postSolution
		{FB74258B-3B49-4B85-BE20-111DF4E5DE73}.Debug|Any CPU.ActiveCfg = Debug|Any CPU
		{FB74258B-3B49-4B85-BE20-111DF4E5DE73}.Debug|Any CPU.Build.0 = Debug|Any CPU
		{FB74258B-3B49-4B85-BE20-111DF4E5DE73}.Release|Any CPU.ActiveCfg = Release|Any CPU
		{FB74258B-3B49-4B85-BE20-111DF4E5DE73}.Release|Any CPU.Build.0 = Release|Any CPU
		{46D4A0F1-132A-411C-A2F0-691CB485A9F3}.Debug|Any CPU.ActiveCfg = Debug|Any CPU
		{46D4A0F1-132A-411C-A2F0-691CB485A9F3}.Debug|Any CPU.Build.0 = Debug|Any CPU
		{46D4A0F1-132A-411C-A2F0-691CB485A9F3}.Release|Any CPU.ActiveCfg = Release|Any CPU
		{46D4A0F1-132A-411C-A2F0-691CB485A9F3}.Release|Any CPU.Build.0 = Release|Any CPU
	EndGlobalSection
	GlobalSection(SolutionProperties) = preSolution
		HideSolutionNode = FALSE
	EndGlobalSection
	GlobalSection(ExtensibilityGlobals) = postSolution
		SolutionGuid = {EA426321-4A06-40FD-AD0C-2A714DC8CCA9}
	EndGlobalSection
EndGlobal
